{
  "name": "streamdeck-logitech-litra-lights",
  "lockfileVersion": 3,
  "requires": true,
  "packages": {
    "": {
      "devDependencies": {
        "@elgato/cli": "^0.2.0"
      }
    },
    "node_modules/@elgato/cli": {
      "version": "0.2.0",
      "resolved": "https://registry.npmjs.org/@elgato/cli/-/cli-0.2.0.tgz",
      "integrity": "sha512-lj06xI/ldg0cvWkjBsfzRs2pSet1hjQuNgW1Q2DOFrwj7N3CX0p/L/ZZX3GyDTxRiHCCnvVkgi64fKXrhoO1wg==",
      "dev": true,
      "bin": {
        "sd": "bin/streamdeck.mjs",
        "streamdeck": "bin/streamdeck.mjs"
      },
      "engines": {
        "node": "^20.1.0"
      }
    }
  }
}
