{
  "name": "streamdeck-logitech-litra-lights",
  "lockfileVersion": 3,
  "requires": true,
  "packages": {
    "": {
      "devDependencies": {
        "@elgato/cli": "github:elgatosf/cli#v0.3.0-beta.6"
      }
    },
    "node_modules/@elgato/cli": {
      "version": "0.3.0-beta.6",
      "resolved": "git+ssh://git@github.com/elgatosf/cli.git#eb3fa0ed67e4e02f3f8c026c639b757a3f56fc13",
      "dev": true,
      "license": "MIT",
      "dependencies": {
        "@elgato/schemas": "^0.3.0"
      },
      "bin": {
        "sd": "bin/streamdeck.mjs",
        "streamdeck": "bin/streamdeck.mjs"
      },
      "engines": {
        "node": "^20.1.0"
      }
    },
    "node_modules/@elgato/schemas": {
      "version": "0.3.4",
      "resolved": "https://registry.npmjs.org/@elgato/schemas/-/schemas-0.3.4.tgz",
      "integrity": "sha512-pwQVhg2vAK8zvsASmbbf9dYPmUft1n0fV+S4Be47ijRqNKsPpPqZCdBWOH27V0a5eICGr2F9CAn52DY9aj1Ujw==",
      "dev": true
    }
  }
}
