github.com/gorilla/websocket v1.5.2 h1:qoW6V1GT3aZxybsbC6oLnailWnB+qTMVwMreOso9XUw=
github.com/gorilla/websocket v1.5.2/go.mod h1:0n9H61RBAcf5/38py2MCYbxzPIY9rOkpvvMT24Rqs30=
github.com/maruel/temperature v1.0.0 h1:78FX+YkXHH7iBSNcZBqRW3TN6gLOHlhYvjqvdP/aQ5Q=
github.com/maruel/temperature v1.0.0/go.mod h1:vIWWv/2SYBsJV65/FQAidxWQly41yYLUTaTzGDJEQWc=
github.com/samwho/streamdeck v0.0.0-20190725183037-2b866fdcb4a6 h1:ocHB+wIjLCdideequ8l8dUem6DxHf/A4Mmo0TRxBf1U=
github.com/samwho/streamdeck v0.0.0-20190725183037-2b866fdcb4a6/go.mod h1:OjeKL1Q8xRGm1zHGmtu9JeQUFNOXXXIcSZvCNzRP3GM=
github.com/sstallion/go-hid v0.14.1 h1:shbZlKqv5fr1KnxwqtLEPGkOoA6OSUWTx9TblegATvc=
github.com/sstallion/go-hid v0.14.1/go.mod h1:fPKp4rqx0xuoTV94gwKojsPG++KNKhxuU88goGuGM7I=
golang.org/x/net v0.25.0 h1:d/OCCoBEUq33pjydKrGQhw7IlUPI2Oylr+8qLx49kac=
golang.org/x/net v0.25.0/go.mod h1:JkAGAh7GEvH74S6FOH42FLoXpXbE/aqXSrIQjXgsiwM=
golang.org/x/sys v0.20.0 h1:Od9JTbYCk261bKm4M/mw7AklTlFYIa0bIp9BgSm1S8Y=
golang.org/x/sys v0.20.0/go.mod h1:/VUhepiaJMQUp4+oa/7Zr1D23ma6VTLIYjOOTFZPUcA=
